// !$*UTF8*$!
{
	archiveVersion = 1;
	classes = {
	};
	objectVersion = 46;
	objects = {

/* Begin PBXBuildFile section */
		8C4949101FC7444300F47F14 /* DataModel.m in Sources */ = {isa = PBXBuildFile; fileRef = 8C49490F1FC7444300F47F14 /* DataModel.m */; };
		8C90231A1FC47DBF00466BEF /* main.m in Sources */ = {isa = PBXBuildFile; fileRef = 8C9023191FC47DBF00466BEF /* main.m */; };
		8C90231D1FC47DBF00466BEF /* AppDelegate.m in Sources */ = {isa = PBXBuildFile; fileRef = 8C90231C1FC47DBF00466BEF /* AppDelegate.m */; };
		8C9023201FC47DBF00466BEF /* MasterViewController.m in Sources */ = {isa = PBXBuildFile; fileRef = 8C90231F1FC47DBF00466BEF /* MasterViewController.m */; };
		8C9023231FC47DBF00466BEF /* DetailViewController.m in Sources */ = {isa = PBXBuildFile; fileRef = 8C9023221FC47DBF00466BEF /* DetailViewController.m */; };
		8C9023261FC47DBF00466BEF /* Main.storyboard in Resources */ = {isa = PBXBuildFile; fileRef = 8C9023241FC47DBF00466BEF /* Main.storyboard */; };
		8C90232B1FC47DBF00466BEF /* LaunchScreen.storyboard in Resources */ = {isa = PBXBuildFile; fileRef = 8C9023291FC47DBF00466BEF /* LaunchScreen.storyboard */; };
		8C9023361FC47DBF00466BEF /* The_Growth_Zone_ModelTests.m in Sources */ = {isa = PBXBuildFile; fileRef = 8C9023351FC47DBF00466BEF /* The_Growth_Zone_ModelTests.m */; };
		8C9023411FC47DBF00466BEF /* The_Growth_Zone_ModelUITests.m in Sources */ = {isa = PBXBuildFile; fileRef = 8C9023401FC47DBF00466BEF /* The_Growth_Zone_ModelUITests.m */; };
		A53C85B21FCE080200A6F860 /* Assets.xcassets in Resources */ = {isa = PBXBuildFile; fileRef = A53C85B11FCE080200A6F860 /* Assets.xcassets */; };
		A53C85C41FD1845000A6F860 /* ProgressGraphViewController.m in Sources */ = {isa = PBXBuildFile; fileRef = A53C85C31FD1845000A6F860 /* ProgressGraphViewController.m */; };
		A53C85C61FD1867E00A6F860 /* UIKit.framework in Frameworks */ = {isa = PBXBuildFile; fileRef = A53C85C51FD1867E00A6F860 /* UIKit.framework */; };
		A53C85C81FD1868600A6F860 /* CoreGraphics.framework in Frameworks */ = {isa = PBXBuildFile; fileRef = A53C85C71FD1868600A6F860 /* CoreGraphics.framework */; };
		A53C85CA1FD1868D00A6F860 /* Foundation.framework in Frameworks */ = {isa = PBXBuildFile; fileRef = A53C85C91FD1868D00A6F860 /* Foundation.framework */; };
		A56B96E21FD586F500DBDB87 /* EntryModelViewController.m in Sources */ = {isa = PBXBuildFile; fileRef = A56B96E11FD586F500DBDB87 /* EntryModelViewController.m */; };
		A5DBD3641FC8D840000653BF /* Date.m in Sources */ = {isa = PBXBuildFile; fileRef = A5DBD3631FC8D840000653BF /* Date.m */; };
		A5DBD36D1FC8E7C2000653BF /* EntryTableViewController.m in Sources */ = {isa = PBXBuildFile; fileRef = A5DBD36C1FC8E7C2000653BF /* EntryTableViewController.m */; };
		A5DBD3701FC8E7DD000653BF /* EntryViewController.m in Sources */ = {isa = PBXBuildFile; fileRef = A5DBD36F1FC8E7DD000653BF /* EntryViewController.m */; };
/* End PBXBuildFile section */

/* Begin PBXContainerItemProxy section */
		8C9023321FC47DBF00466BEF /* PBXContainerItemProxy */ = {
			isa = PBXContainerItemProxy;
			containerPortal = 8C90230D1FC47DBE00466BEF /* Project object */;
			proxyType = 1;
			remoteGlobalIDString = 8C9023141FC47DBE00466BEF;
			remoteInfo = "The Growth Zone Model";
		};
		8C90233D1FC47DBF00466BEF /* PBXContainerItemProxy */ = {
			isa = PBXContainerItemProxy;
			containerPortal = 8C90230D1FC47DBE00466BEF /* Project object */;
			proxyType = 1;
			remoteGlobalIDString = 8C9023141FC47DBE00466BEF;
			remoteInfo = "The Growth Zone Model";
		};
/* End PBXContainerItemProxy section */

/* Begin PBXFileReference section */
		8C49490E1FC7444300F47F14 /* DataModel.h */ = {isa = PBXFileReference; fileEncoding = 4; lastKnownFileType = sourcecode.c.h; path = DataModel.h; sourceTree = "<group>"; };
		8C49490F1FC7444300F47F14 /* DataModel.m */ = {isa = PBXFileReference; fileEncoding = 4; lastKnownFileType = sourcecode.c.objc; path = DataModel.m; sourceTree = "<group>"; };
		8C9023151FC47DBF00466BEF /* The Growth Zone Model.app */ = {isa = PBXFileReference; explicitFileType = wrapper.application; includeInIndex = 0; path = "The Growth Zone Model.app"; sourceTree = BUILT_PRODUCTS_DIR; };
		8C9023191FC47DBF00466BEF /* main.m */ = {isa = PBXFileReference; lastKnownFileType = sourcecode.c.objc; path = main.m; sourceTree = "<group>"; };
		8C90231B1FC47DBF00466BEF /* AppDelegate.h */ = {isa = PBXFileReference; lastKnownFileType = sourcecode.c.h; path = AppDelegate.h; sourceTree = "<group>"; };
		8C90231C1FC47DBF00466BEF /* AppDelegate.m */ = {isa = PBXFileReference; lastKnownFileType = sourcecode.c.objc; path = AppDelegate.m; sourceTree = "<group>"; };
		8C90231E1FC47DBF00466BEF /* MasterViewController.h */ = {isa = PBXFileReference; lastKnownFileType = sourcecode.c.h; path = MasterViewController.h; sourceTree = "<group>"; };
		8C90231F1FC47DBF00466BEF /* MasterViewController.m */ = {isa = PBXFileReference; lastKnownFileType = sourcecode.c.objc; path = MasterViewController.m; sourceTree = "<group>"; };
		8C9023211FC47DBF00466BEF /* DetailViewController.h */ = {isa = PBXFileReference; lastKnownFileType = sourcecode.c.h; path = DetailViewController.h; sourceTree = "<group>"; };
		8C9023221FC47DBF00466BEF /* DetailViewController.m */ = {isa = PBXFileReference; lastKnownFileType = sourcecode.c.objc; path = DetailViewController.m; sourceTree = "<group>"; };
		8C9023251FC47DBF00466BEF /* Base */ = {isa = PBXFileReference; lastKnownFileType = file.storyboard; name = Base; path = Base.lproj/Main.storyboard; sourceTree = "<group>"; };
		8C90232A1FC47DBF00466BEF /* Base */ = {isa = PBXFileReference; lastKnownFileType = file.storyboard; name = Base; path = Base.lproj/LaunchScreen.storyboard; sourceTree = "<group>"; };
		8C90232C1FC47DBF00466BEF /* Info.plist */ = {isa = PBXFileReference; lastKnownFileType = text.plist.xml; path = Info.plist; sourceTree = "<group>"; };
		8C9023311FC47DBF00466BEF /* The Growth Zone ModelTests.xctest */ = {isa = PBXFileReference; explicitFileType = wrapper.cfbundle; includeInIndex = 0; path = "The Growth Zone ModelTests.xctest"; sourceTree = BUILT_PRODUCTS_DIR; };
		8C9023351FC47DBF00466BEF /* The_Growth_Zone_ModelTests.m */ = {isa = PBXFileReference; lastKnownFileType = sourcecode.c.objc; path = The_Growth_Zone_ModelTests.m; sourceTree = "<group>"; };
		8C9023371FC47DBF00466BEF /* Info.plist */ = {isa = PBXFileReference; lastKnownFileType = text.plist.xml; path = Info.plist; sourceTree = "<group>"; };
		8C90233C1FC47DBF00466BEF /* The Growth Zone ModelUITests.xctest */ = {isa = PBXFileReference; explicitFileType = wrapper.cfbundle; includeInIndex = 0; path = "The Growth Zone ModelUITests.xctest"; sourceTree = BUILT_PRODUCTS_DIR; };
		8C9023401FC47DBF00466BEF /* The_Growth_Zone_ModelUITests.m */ = {isa = PBXFileReference; lastKnownFileType = sourcecode.c.objc; path = The_Growth_Zone_ModelUITests.m; sourceTree = "<group>"; };
		8C9023421FC47DBF00466BEF /* Info.plist */ = {isa = PBXFileReference; lastKnownFileType = text.plist.xml; path = Info.plist; sourceTree = "<group>"; };
		A53C85B11FCE080200A6F860 /* Assets.xcassets */ = {isa = PBXFileReference; lastKnownFileType = folder.assetcatalog; path = Assets.xcassets; sourceTree = "<group>"; };
		A53C85C21FD1845000A6F860 /* ProgressGraphViewController.h */ = {isa = PBXFileReference; fileEncoding = 4; lastKnownFileType = sourcecode.c.h; path = ProgressGraphViewController.h; sourceTree = "<group>"; };
		A53C85C31FD1845000A6F860 /* ProgressGraphViewController.m */ = {isa = PBXFileReference; fileEncoding = 4; lastKnownFileType = sourcecode.c.objc; path = ProgressGraphViewController.m; sourceTree = "<group>"; };
		A53C85C51FD1867E00A6F860 /* UIKit.framework */ = {isa = PBXFileReference; lastKnownFileType = wrapper.framework; name = UIKit.framework; path = System/Library/Frameworks/UIKit.framework; sourceTree = SDKROOT; };
		A53C85C71FD1868600A6F860 /* CoreGraphics.framework */ = {isa = PBXFileReference; lastKnownFileType = wrapper.framework; name = CoreGraphics.framework; path = System/Library/Frameworks/CoreGraphics.framework; sourceTree = SDKROOT; };
		A53C85C91FD1868D00A6F860 /* Foundation.framework */ = {isa = PBXFileReference; lastKnownFileType = wrapper.framework; name = Foundation.framework; path = System/Library/Frameworks/Foundation.framework; sourceTree = SDKROOT; };
		A56B96E01FD586F500DBDB87 /* EntryModelViewController.h */ = {isa = PBXFileReference; fileEncoding = 4; lastKnownFileType = sourcecode.c.h; path = EntryModelViewController.h; sourceTree = "<group>"; };
		A56B96E11FD586F500DBDB87 /* EntryModelViewController.m */ = {isa = PBXFileReference; fileEncoding = 4; lastKnownFileType = sourcecode.c.objc; path = EntryModelViewController.m; sourceTree = "<group>"; };
		A5DBD3621FC8D840000653BF /* Date.h */ = {isa = PBXFileReference; fileEncoding = 4; lastKnownFileType = sourcecode.c.h; path = Date.h; sourceTree = "<group>"; };
		A5DBD3631FC8D840000653BF /* Date.m */ = {isa = PBXFileReference; fileEncoding = 4; lastKnownFileType = sourcecode.c.objc; path = Date.m; sourceTree = "<group>"; };
		A5DBD36B1FC8E7C2000653BF /* EntryTableViewController.h */ = {isa = PBXFileReference; fileEncoding = 4; lastKnownFileType = sourcecode.c.h; path = EntryTableViewController.h; sourceTree = "<group>"; };
		A5DBD36C1FC8E7C2000653BF /* EntryTableViewController.m */ = {isa = PBXFileReference; fileEncoding = 4; lastKnownFileType = sourcecode.c.objc; path = EntryTableViewController.m; sourceTree = "<group>"; };
		A5DBD36E1FC8E7DD000653BF /* EntryViewController.h */ = {isa = PBXFileReference; fileEncoding = 4; lastKnownFileType = sourcecode.c.h; path = EntryViewController.h; sourceTree = "<group>"; };
		A5DBD36F1FC8E7DD000653BF /* EntryViewController.m */ = {isa = PBXFileReference; fileEncoding = 4; lastKnownFileType = sourcecode.c.objc; path = EntryViewController.m; sourceTree = "<group>"; };
/* End PBXFileReference section */

/* Begin PBXFrameworksBuildPhase section */
		8C9023121FC47DBE00466BEF /* Frameworks */ = {
			isa = PBXFrameworksBuildPhase;
			buildActionMask = 2147483647;
			files = (
				A53C85CA1FD1868D00A6F860 /* Foundation.framework in Frameworks */,
				A53C85C81FD1868600A6F860 /* CoreGraphics.framework in Frameworks */,
				A53C85C61FD1867E00A6F860 /* UIKit.framework in Frameworks */,
			);
			runOnlyForDeploymentPostprocessing = 0;
		};
		8C90232E1FC47DBF00466BEF /* Frameworks */ = {
			isa = PBXFrameworksBuildPhase;
			buildActionMask = 2147483647;
			files = (
			);
			runOnlyForDeploymentPostprocessing = 0;
		};
		8C9023391FC47DBF00466BEF /* Frameworks */ = {
			isa = PBXFrameworksBuildPhase;
			buildActionMask = 2147483647;
			files = (
			);
			runOnlyForDeploymentPostprocessing = 0;
		};
/* End PBXFrameworksBuildPhase section */

/* Begin PBXGroup section */
		8C90230C1FC47DBE00466BEF = {
			isa = PBXGroup;
			children = (
				8C9023171FC47DBF00466BEF /* The Growth Zone Model */,
				8C9023341FC47DBF00466BEF /* The Growth Zone ModelTests */,
				8C90233F1FC47DBF00466BEF /* The Growth Zone ModelUITests */,
				8C9023161FC47DBF00466BEF /* Products */,
				A53C85B61FD0BDEF00A6F860 /* Frameworks */,
			);
			sourceTree = "<group>";
		};
		8C9023161FC47DBF00466BEF /* Products */ = {
			isa = PBXGroup;
			children = (
				8C9023151FC47DBF00466BEF /* The Growth Zone Model.app */,
				8C9023311FC47DBF00466BEF /* The Growth Zone ModelTests.xctest */,
				8C90233C1FC47DBF00466BEF /* The Growth Zone ModelUITests.xctest */,
			);
			name = Products;
			sourceTree = "<group>";
		};
		8C9023171FC47DBF00466BEF /* The Growth Zone Model */ = {
			isa = PBXGroup;
			children = (
				8C90231B1FC47DBF00466BEF /* AppDelegate.h */,
				8C90231C1FC47DBF00466BEF /* AppDelegate.m */,
				8C90231E1FC47DBF00466BEF /* MasterViewController.h */,
				8C90231F1FC47DBF00466BEF /* MasterViewController.m */,
				8C9023211FC47DBF00466BEF /* DetailViewController.h */,
				8C9023221FC47DBF00466BEF /* DetailViewController.m */,
				A53C85C21FD1845000A6F860 /* ProgressGraphViewController.h */,
				A53C85C31FD1845000A6F860 /* ProgressGraphViewController.m */,
				A5DBD36B1FC8E7C2000653BF /* EntryTableViewController.h */,
				A5DBD36C1FC8E7C2000653BF /* EntryTableViewController.m */,
				A5DBD36E1FC8E7DD000653BF /* EntryViewController.h */,
				A5DBD36F1FC8E7DD000653BF /* EntryViewController.m */,
				A56B96E01FD586F500DBDB87 /* EntryModelViewController.h */,
				A56B96E11FD586F500DBDB87 /* EntryModelViewController.m */,
				A5DBD3621FC8D840000653BF /* Date.h */,
				A5DBD3631FC8D840000653BF /* Date.m */,
				8C49490E1FC7444300F47F14 /* DataModel.h */,
				8C49490F1FC7444300F47F14 /* DataModel.m */,
				8C9023241FC47DBF00466BEF /* Main.storyboard */,
				A53C85B11FCE080200A6F860 /* Assets.xcassets */,
				8C9023291FC47DBF00466BEF /* LaunchScreen.storyboard */,
				8C90232C1FC47DBF00466BEF /* Info.plist */,
				8C9023181FC47DBF00466BEF /* Supporting Files */,
			);
			path = "The Growth Zone Model";
			sourceTree = "<group>";
		};
		8C9023181FC47DBF00466BEF /* Supporting Files */ = {
			isa = PBXGroup;
			children = (
				8C9023191FC47DBF00466BEF /* main.m */,
			);
			name = "Supporting Files";
			sourceTree = "<group>";
		};
		8C9023341FC47DBF00466BEF /* The Growth Zone ModelTests */ = {
			isa = PBXGroup;
			children = (
				8C9023351FC47DBF00466BEF /* The_Growth_Zone_ModelTests.m */,
				8C9023371FC47DBF00466BEF /* Info.plist */,
			);
			path = "The Growth Zone ModelTests";
			sourceTree = "<group>";
		};
		8C90233F1FC47DBF00466BEF /* The Growth Zone ModelUITests */ = {
			isa = PBXGroup;
			children = (
				8C9023401FC47DBF00466BEF /* The_Growth_Zone_ModelUITests.m */,
				8C9023421FC47DBF00466BEF /* Info.plist */,
			);
			path = "The Growth Zone ModelUITests";
			sourceTree = "<group>";
		};
		A53C85B61FD0BDEF00A6F860 /* Frameworks */ = {
			isa = PBXGroup;
			children = (
				A53C85C91FD1868D00A6F860 /* Foundation.framework */,
				A53C85C71FD1868600A6F860 /* CoreGraphics.framework */,
				A53C85C51FD1867E00A6F860 /* UIKit.framework */,
			);
			name = Frameworks;
			sourceTree = "<group>";
		};
/* End PBXGroup section */

/* Begin PBXNativeTarget section */
		8C9023141FC47DBE00466BEF /* The Growth Zone Model */ = {
			isa = PBXNativeTarget;
			buildConfigurationList = 8C9023451FC47DBF00466BEF /* Build configuration list for PBXNativeTarget "The Growth Zone Model" */;
			buildPhases = (
				8C9023111FC47DBE00466BEF /* Sources */,
				8C9023121FC47DBE00466BEF /* Frameworks */,
				8C9023131FC47DBE00466BEF /* Resources */,
			);
			buildRules = (
			);
			dependencies = (
			);
			name = "The Growth Zone Model";
			productName = "The Growth Zone Model";
			productReference = 8C9023151FC47DBF00466BEF /* The Growth Zone Model.app */;
			productType = "com.apple.product-type.application";
		};
		8C9023301FC47DBF00466BEF /* The Growth Zone ModelTests */ = {
			isa = PBXNativeTarget;
			buildConfigurationList = 8C9023481FC47DBF00466BEF /* Build configuration list for PBXNativeTarget "The Growth Zone ModelTests" */;
			buildPhases = (
				8C90232D1FC47DBF00466BEF /* Sources */,
				8C90232E1FC47DBF00466BEF /* Frameworks */,
				8C90232F1FC47DBF00466BEF /* Resources */,
			);
			buildRules = (
			);
			dependencies = (
				8C9023331FC47DBF00466BEF /* PBXTargetDependency */,
			);
			name = "The Growth Zone ModelTests";
			productName = "The Growth Zone ModelTests";
			productReference = 8C9023311FC47DBF00466BEF /* The Growth Zone ModelTests.xctest */;
			productType = "com.apple.product-type.bundle.unit-test";
		};
		8C90233B1FC47DBF00466BEF /* The Growth Zone ModelUITests */ = {
			isa = PBXNativeTarget;
			buildConfigurationList = 8C90234B1FC47DBF00466BEF /* Build configuration list for PBXNativeTarget "The Growth Zone ModelUITests" */;
			buildPhases = (
				8C9023381FC47DBF00466BEF /* Sources */,
				8C9023391FC47DBF00466BEF /* Frameworks */,
				8C90233A1FC47DBF00466BEF /* Resources */,
			);
			buildRules = (
			);
			dependencies = (
				8C90233E1FC47DBF00466BEF /* PBXTargetDependency */,
			);
			name = "The Growth Zone ModelUITests";
			productName = "The Growth Zone ModelUITests";
			productReference = 8C90233C1FC47DBF00466BEF /* The Growth Zone ModelUITests.xctest */;
			productType = "com.apple.product-type.bundle.ui-testing";
		};
/* End PBXNativeTarget section */

/* Begin PBXProject section */
		8C90230D1FC47DBE00466BEF /* Project object */ = {
			isa = PBXProject;
			attributes = {
				LastUpgradeCheck = 0830;
				ORGANIZATIONNAME = "Edward Baker [el16ecrb]";
				TargetAttributes = {
					8C9023141FC47DBE00466BEF = {
						CreatedOnToolsVersion = 8.0;
						ProvisioningStyle = Automatic;
					};
					8C9023301FC47DBF00466BEF = {
						CreatedOnToolsVersion = 8.0;
						ProvisioningStyle = Automatic;
						TestTargetID = 8C9023141FC47DBE00466BEF;
					};
					8C90233B1FC47DBF00466BEF = {
						CreatedOnToolsVersion = 8.0;
						ProvisioningStyle = Automatic;
						TestTargetID = 8C9023141FC47DBE00466BEF;
					};
				};
			};
			buildConfigurationList = 8C9023101FC47DBE00466BEF /* Build configuration list for PBXProject "The Growth Zone Model" */;
			compatibilityVersion = "Xcode 3.2";
			developmentRegion = English;
			hasScannedForEncodings = 0;
			knownRegions = (
				en,
				Base,
			);
			mainGroup = 8C90230C1FC47DBE00466BEF;
			productRefGroup = 8C9023161FC47DBF00466BEF /* Products */;
			projectDirPath = "";
			projectRoot = "";
			targets = (
				8C9023141FC47DBE00466BEF /* The Growth Zone Model */,
				8C9023301FC47DBF00466BEF /* The Growth Zone ModelTests */,
				8C90233B1FC47DBF00466BEF /* The Growth Zone ModelUITests */,
			);
		};
/* End PBXProject section */

/* Begin PBXResourcesBuildPhase section */
		8C9023131FC47DBE00466BEF /* Resources */ = {
			isa = PBXResourcesBuildPhase;
			buildActionMask = 2147483647;
			files = (
				8C90232B1FC47DBF00466BEF /* LaunchScreen.storyboard in Resources */,
				A53C85B21FCE080200A6F860 /* Assets.xcassets in Resources */,
				8C9023261FC47DBF00466BEF /* Main.storyboard in Resources */,
			);
			runOnlyForDeploymentPostprocessing = 0;
		};
		8C90232F1FC47DBF00466BEF /* Resources */ = {
			isa = PBXResourcesBuildPhase;
			buildActionMask = 2147483647;
			files = (
			);
			runOnlyForDeploymentPostprocessing = 0;
		};
		8C90233A1FC47DBF00466BEF /* Resources */ = {
			isa = PBXResourcesBuildPhase;
			buildActionMask = 2147483647;
			files = (
			);
			runOnlyForDeploymentPostprocessing = 0;
		};
/* End PBXResourcesBuildPhase section */

/* Begin PBXSourcesBuildPhase section */
		8C9023111FC47DBE00466BEF /* Sources */ = {
			isa = PBXSourcesBuildPhase;
			buildActionMask = 2147483647;
			files = (
				8C90231D1FC47DBF00466BEF /* AppDelegate.m in Sources */,
				8C9023201FC47DBF00466BEF /* MasterViewController.m in Sources */,
				8C4949101FC7444300F47F14 /* DataModel.m in Sources */,
				A5DBD36D1FC8E7C2000653BF /* EntryTableViewController.m in Sources */,
				8C90231A1FC47DBF00466BEF /* main.m in Sources */,
				A56B96E21FD586F500DBDB87 /* EntryModelViewController.m in Sources */,
				A53C85C41FD1845000A6F860 /* ProgressGraphViewController.m in Sources */,
				A5DBD3701FC8E7DD000653BF /* EntryViewController.m in Sources */,
				8C9023231FC47DBF00466BEF /* DetailViewController.m in Sources */,
				A5DBD3641FC8D840000653BF /* Date.m in Sources */,
			);
			runOnlyForDeploymentPostprocessing = 0;
		};
		8C90232D1FC47DBF00466BEF /* Sources */ = {
			isa = PBXSourcesBuildPhase;
			buildActionMask = 2147483647;
			files = (
				8C9023361FC47DBF00466BEF /* The_Growth_Zone_ModelTests.m in Sources */,
			);
			runOnlyForDeploymentPostprocessing = 0;
		};
		8C9023381FC47DBF00466BEF /* Sources */ = {
			isa = PBXSourcesBuildPhase;
			buildActionMask = 2147483647;
			files = (
				8C9023411FC47DBF00466BEF /* The_Growth_Zone_ModelUITests.m in Sources */,
			);
			runOnlyForDeploymentPostprocessing = 0;
		};
/* End PBXSourcesBuildPhase section */

/* Begin PBXTargetDependency section */
		8C9023331FC47DBF00466BEF /* PBXTargetDependency */ = {
			isa = PBXTargetDependency;
			target = 8C9023141FC47DBE00466BEF /* The Growth Zone Model */;
			targetProxy = 8C9023321FC47DBF00466BEF /* PBXContainerItemProxy */;
		};
		8C90233E1FC47DBF00466BEF /* PBXTargetDependency */ = {
			isa = PBXTargetDependency;
			target = 8C9023141FC47DBE00466BEF /* The Growth Zone Model */;
			targetProxy = 8C90233D1FC47DBF00466BEF /* PBXContainerItemProxy */;
		};
/* End PBXTargetDependency section */

/* Begin PBXVariantGroup section */
		8C9023241FC47DBF00466BEF /* Main.storyboard */ = {
			isa = PBXVariantGroup;
			children = (
				8C9023251FC47DBF00466BEF /* Base */,
			);
			name = Main.storyboard;
			sourceTree = "<group>";
		};
		8C9023291FC47DBF00466BEF /* LaunchScreen.storyboard */ = {
			isa = PBXVariantGroup;
			children = (
				8C90232A1FC47DBF00466BEF /* Base */,
			);
			name = LaunchScreen.storyboard;
			sourceTree = "<group>";
		};
/* End PBXVariantGroup section */

/* Begin XCBuildConfiguration section */
		8C9023431FC47DBF00466BEF /* Debug */ = {
			isa = XCBuildConfiguration;
			buildSettings = {
				ALWAYS_SEARCH_USER_PATHS = NO;
				CLANG_ANALYZER_NONNULL = YES;
				CLANG_CXX_LANGUAGE_STANDARD = "gnu++0x";
				CLANG_CXX_LIBRARY = "libc++";
				CLANG_ENABLE_MODULES = YES;
				CLANG_ENABLE_OBJC_ARC = YES;
				CLANG_WARN_BOOL_CONVERSION = YES;
				CLANG_WARN_CONSTANT_CONVERSION = YES;
				CLANG_WARN_DIRECT_OBJC_ISA_USAGE = YES_ERROR;
				CLANG_WARN_DOCUMENTATION_COMMENTS = YES;
				CLANG_WARN_EMPTY_BODY = YES;
				CLANG_WARN_ENUM_CONVERSION = YES;
				CLANG_WARN_INFINITE_RECURSION = YES;
				CLANG_WARN_INT_CONVERSION = YES;
				CLANG_WARN_OBJC_ROOT_CLASS = YES_ERROR;
				CLANG_WARN_SUSPICIOUS_MOVE = YES;
				CLANG_WARN_SUSPICIOUS_MOVES = YES;
				CLANG_WARN_UNREACHABLE_CODE = YES;
				CLANG_WARN__DUPLICATE_METHOD_MATCH = YES;
				"CODE_SIGN_IDENTITY[sdk=iphoneos*]" = "iPhone Developer";
				COPY_PHASE_STRIP = NO;
				DEBUG_INFORMATION_FORMAT = dwarf;
				ENABLE_STRICT_OBJC_MSGSEND = YES;
				ENABLE_TESTABILITY = YES;
				GCC_C_LANGUAGE_STANDARD = gnu99;
				GCC_DYNAMIC_NO_PIC = NO;
				GCC_NO_COMMON_BLOCKS = YES;
				GCC_OPTIMIZATION_LEVEL = 0;
				GCC_PREPROCESSOR_DEFINITIONS = (
					"DEBUG=1",
					"$(inherited)",
				);
				GCC_WARN_64_TO_32_BIT_CONVERSION = YES;
				GCC_WARN_ABOUT_RETURN_TYPE = YES_ERROR;
				GCC_WARN_UNDECLARED_SELECTOR = YES;
				GCC_WARN_UNINITIALIZED_AUTOS = YES_AGGRESSIVE;
				GCC_WARN_UNUSED_FUNCTION = YES;
				GCC_WARN_UNUSED_VARIABLE = YES;
				IPHONEOS_DEPLOYMENT_TARGET = 10.0;
				MTL_ENABLE_DEBUG_INFO = YES;
				ONLY_ACTIVE_ARCH = YES;
				SDKROOT = iphoneos;
				TARGETED_DEVICE_FAMILY = "1,2";
			};
			name = Debug;
		};
		8C9023441FC47DBF00466BEF /* Release */ = {
			isa = XCBuildConfiguration;
			buildSettings = {
				ALWAYS_SEARCH_USER_PATHS = NO;
				CLANG_ANALYZER_NONNULL = YES;
				CLANG_CXX_LANGUAGE_STANDARD = "gnu++0x";
				CLANG_CXX_LIBRARY = "libc++";
				CLANG_ENABLE_MODULES = YES;
				CLANG_ENABLE_OBJC_ARC = YES;
				CLANG_WARN_BOOL_CONVERSION = YES;
				CLANG_WARN_CONSTANT_CONVERSION = YES;
				CLANG_WARN_DIRECT_OBJC_ISA_USAGE = YES_ERROR;
				CLANG_WARN_DOCUMENTATION_COMMENTS = YES;
				CLANG_WARN_EMPTY_BODY = YES;
				CLANG_WARN_ENUM_CONVERSION = YES;
				CLANG_WARN_INFINITE_RECURSION = YES;
				CLANG_WARN_INT_CONVERSION = YES;
				CLANG_WARN_OBJC_ROOT_CLASS = YES_ERROR;
				CLANG_WARN_SUSPICIOUS_MOVE = YES;
				CLANG_WARN_SUSPICIOUS_MOVES = YES;
				CLANG_WARN_UNREACHABLE_CODE = YES;
				CLANG_WARN__DUPLICATE_METHOD_MATCH = YES;
				"CODE_SIGN_IDENTITY[sdk=iphoneos*]" = "iPhone Developer";
				COPY_PHASE_STRIP = NO;
				DEBUG_INFORMATION_FORMAT = "dwarf-with-dsym";
				ENABLE_NS_ASSERTIONS = NO;
				ENABLE_STRICT_OBJC_MSGSEND = YES;
				GCC_C_LANGUAGE_STANDARD = gnu99;
				GCC_NO_COMMON_BLOCKS = YES;
				GCC_WARN_64_TO_32_BIT_CONVERSION = YES;
				GCC_WARN_ABOUT_RETURN_TYPE = YES_ERROR;
				GCC_WARN_UNDECLARED_SELECTOR = YES;
				GCC_WARN_UNINITIALIZED_AUTOS = YES_AGGRESSIVE;
				GCC_WARN_UNUSED_FUNCTION = YES;
				GCC_WARN_UNUSED_VARIABLE = YES;
				IPHONEOS_DEPLOYMENT_TARGET = 10.0;
				MTL_ENABLE_DEBUG_INFO = NO;
				SDKROOT = iphoneos;
				TARGETED_DEVICE_FAMILY = "1,2";
				VALIDATE_PRODUCT = YES;
			};
			name = Release;
		};
		8C9023461FC47DBF00466BEF /* Debug */ = {
			isa = XCBuildConfiguration;
			buildSettings = {
				ASSETCATALOG_COMPILER_APPICON_NAME = AppIcon;
				INFOPLIST_FILE = "The Growth Zone Model/Info.plist";
				LD_RUNPATH_SEARCH_PATHS = "$(inherited) @executable_path/Frameworks";
				PRODUCT_BUNDLE_IDENTIFIER = "uk.ac.leeds.The-Growth-Zone-Model";
				PRODUCT_NAME = "$(TARGET_NAME)";
			};
			name = Debug;
		};
		8C9023471FC47DBF00466BEF /* Release */ = {
			isa = XCBuildConfiguration;
			buildSettings = {
				ASSETCATALOG_COMPILER_APPICON_NAME = AppIcon;
				INFOPLIST_FILE = "The Growth Zone Model/Info.plist";
				LD_RUNPATH_SEARCH_PATHS = "$(inherited) @executable_path/Frameworks";
				PRODUCT_BUNDLE_IDENTIFIER = "uk.ac.leeds.The-Growth-Zone-Model";
				PRODUCT_NAME = "$(TARGET_NAME)";
			};
			name = Release;
		};
		8C9023491FC47DBF00466BEF /* Debug */ = {
			isa = XCBuildConfiguration;
			buildSettings = {
				BUNDLE_LOADER = "$(TEST_HOST)";
				INFOPLIST_FILE = "The Growth Zone ModelTests/Info.plist";
				LD_RUNPATH_SEARCH_PATHS = "$(inherited) @executable_path/Frameworks @loader_path/Frameworks";
				PRODUCT_BUNDLE_IDENTIFIER = "uk.ac.leeds.The-Growth-Zone-ModelTests";
				PRODUCT_NAME = "$(TARGET_NAME)";
				TEST_HOST = "$(BUILT_PRODUCTS_DIR)/The Growth Zone Model.app/The Growth Zone Model";
			};
			name = Debug;
		};
		8C90234A1FC47DBF00466BEF /* Release */ = {
			isa = XCBuildConfiguration;
			buildSettings = {
				BUNDLE_LOADER = "$(TEST_HOST)";
				INFOPLIST_FILE = "The Growth Zone ModelTests/Info.plist";
				LD_RUNPATH_SEARCH_PATHS = "$(inherited) @executable_path/Frameworks @loader_path/Frameworks";
				PRODUCT_BUNDLE_IDENTIFIER = "uk.ac.leeds.The-Growth-Zone-ModelTests";
				PRODUCT_NAME = "$(TARGET_NAME)";
				TEST_HOST = "$(BUILT_PRODUCTS_DIR)/The Growth Zone Model.app/The Growth Zone Model";
			};
			name = Release;
		};
		8C90234C1FC47DBF00466BEF /* Debug */ = {
			isa = XCBuildConfiguration;
			buildSettings = {
				INFOPLIST_FILE = "The Growth Zone ModelUITests/Info.plist";
				LD_RUNPATH_SEARCH_PATHS = "$(inherited) @executable_path/Frameworks @loader_path/Frameworks";
				PRODUCT_BUNDLE_IDENTIFIER = "uk.ac.leeds.The-Growth-Zone-ModelUITests";
				PRODUCT_NAME = "$(TARGET_NAME)";
				TEST_TARGET_NAME = "The Growth Zone Model";
			};
			name = Debug;
		};
		8C90234D1FC47DBF00466BEF /* Release */ = {
			isa = XCBuildConfiguration;
			buildSettings = {
				INFOPLIST_FILE = "The Growth Zone ModelUITests/Info.plist";
				LD_RUNPATH_SEARCH_PATHS = "$(inherited) @executable_path/Frameworks @loader_path/Frameworks";
				PRODUCT_BUNDLE_IDENTIFIER = "uk.ac.leeds.The-Growth-Zone-ModelUITests";
				PRODUCT_NAME = "$(TARGET_NAME)";
				TEST_TARGET_NAME = "The Growth Zone Model";
			};
			name = Release;
		};
/* End XCBuildConfiguration section */

/* Begin XCConfigurationList section */
		8C9023101FC47DBE00466BEF /* Build configuration list for PBXProject "The Growth Zone Model" */ = {
			isa = XCConfigurationList;
			buildConfigurations = (
				8C9023431FC47DBF00466BEF /* Debug */,
				8C9023441FC47DBF00466BEF /* Release */,
			);
			defaultConfigurationIsVisible = 0;
			defaultConfigurationName = Release;
		};
		8C9023451FC47DBF00466BEF /* Build configuration list for PBXNativeTarget "The Growth Zone Model" */ = {
			isa = XCConfigurationList;
			buildConfigurations = (
				8C9023461FC47DBF00466BEF /* Debug */,
				8C9023471FC47DBF00466BEF /* Release */,
			);
			defaultConfigurationIsVisible = 0;
			defaultConfigurationName = Release;
		};
		8C9023481FC47DBF00466BEF /* Build configuration list for PBXNativeTarget "The Growth Zone ModelTests" */ = {
			isa = XCConfigurationList;
			buildConfigurations = (
				8C9023491FC47DBF00466BEF /* Debug */,
				8C90234A1FC47DBF00466BEF /* Release */,
			);
			defaultConfigurationIsVisible = 0;
			defaultConfigurationName = Release;
		};
		8C90234B1FC47DBF00466BEF /* Build configuration list for PBXNativeTarget "The Growth Zone ModelUITests" */ = {
			isa = XCConfigurationList;
			buildConfigurations = (
				8C90234C1FC47DBF00466BEF /* Debug */,
				8C90234D1FC47DBF00466BEF /* Release */,
			);
			defaultConfigurationIsVisible = 0;
			defaultConfigurationName = Release;
		};
/* End XCConfigurationList section */
	};
	rootObject = 8C90230D1FC47DBE00466BEF /* Project object */;
}
